{
  "name": "@nymrel/remote-control",
  "version": "0.1.0",
  "lockfileVersion": 3,
  "requires": true,
  "packages": {
    "": {
      "name": "@nymrel/remote-control",
      "version": "0.1.0",
      "license": "MIT",
      "bin": {
        "nymrel-remote-agent": "bin/nymrel-remote-agent.js",
        "nymrel-remote-server": "bin/nymrel-remote-server.js",
        "nymrel-remote-token": "bin/nymrel-remote-token.js"
      },
      "engines": {
        "node": ">=22.0.0"
      }
    }
  }
}
